
Microsoft Visual Studio Solution File, Format Version 12.00
# Visual Studio Version 16
VisualStudioVersion = 16.0.30406.217
MinimumVisualStudioVersion = 10.0.40219.1
Project("{FAE04EC0-301F-11D3-BF4B-00C04F79EFBC}") = "ThumbnailCreationDemo", "ThumbnailCreationDemo.csproj", "{720ED3C1-9750-4B1D-B9D3-6D2A5AEF295F}"
EndProject
Global
	GlobalSection(SolutionConfigurationPlatforms) = preSolution
		Debug|Any CPU = Debug|Any CPU
		Release|Any CPU = Release|Any CPU
	EndGlobalSection
	GlobalSection(ProjectConfigurationPlatforms) = postSolution
		{720ED3C1-9750-4B1D-B9D3-6D2A5AEF295F}.Debug|Any CPU.ActiveCfg = Debug|Any CPU
		{720ED3C1-9750-4B1D-B9D3-6D2A5AEF295F}.Debug|Any CPU.Build.0 = Debug|Any CPU
		{720ED3C1-9750-4B1D-B9D3-6D2A5AEF295F}.Release|Any CPU.ActiveCfg = Release|Any CPU
		{720ED3C1-9750-4B1D-B9D3-6D2A5AEF295F}.Release|Any CPU.Build.0 = Release|Any CPU
	EndGlobalSection
	GlobalSection(SolutionProperties) = preSolution
		HideSolutionNode = FALSE
	EndGlobalSection
	GlobalSection(ExtensibilityGlobals) = postSolution
		SolutionGuid = {F8E5156E-D5F4-4DCB-94BC-4A2244EBC473}
	EndGlobalSection
EndGlobal
